
Microsoft Visual Studio Solution File, Format Version 12.00
# Visual Studio Version 17
VisualStudioVersion = 17.13.35806.99 d17.13
MinimumVisualStudioVersion = 10.0.40219.1
Project("{FAE04EC0-301F-11D3-BF4B-00C04F79EFBC}") = "joguinho", "joguinho\joguinho.csproj", "{9E3EEEE4-72FB-4242-BE31-9DB97E5D8B30}"
EndProject
Global
	GlobalSection(SolutionConfigurationPlatforms) = preSolution
		Debug|Any CPU = Debug|Any CPU
		Release|Any CPU = Release|Any CPU
	EndGlobalSection
	GlobalSection(ProjectConfigurationPlatforms) = postSolution
		{9E3EEEE4-72FB-4242-BE31-9DB97E5D8B30}.Debug|Any CPU.ActiveCfg = Debug|Any CPU
		{9E3EEEE4-72FB-4242-BE31-9DB97E5D8B30}.Debug|Any CPU.Build.0 = Debug|Any CPU
		{9E3EEEE4-72FB-4242-BE31-9DB97E5D8B30}.Release|Any CPU.ActiveCfg = Release|Any CPU
		{9E3EEEE4-72FB-4242-BE31-9DB97E5D8B30}.Release|Any CPU.Build.0 = Release|Any CPU
	EndGlobalSection
	GlobalSection(SolutionProperties) = preSolution
		HideSolutionNode = FALSE
	EndGlobalSection
	GlobalSection(ExtensibilityGlobals) = postSolution
		SolutionGuid = {3F9BCC61-F0FD-48FE-ADBF-F6B63CD98691}
	EndGlobalSection
EndGlobal
